
Microsoft Visual Studio Solution File, Format Version 12.00
# Visual Studio Version 17
VisualStudioVersion = 17.11.35327.3
MinimumVisualStudioVersion = 10.0.40219.1
Project("{8BC9CEB8-8B4A-11D0-8D11-00A0C91BC942}") = "TestComponent", "TestComponent\TestComponent.vcxproj", "{2954F343-85A7-46F5-A3F3-F106FDD13900}"
EndProject
Project("{8BC9CEB8-8B4A-11D0-8D11-00A0C91BC942}") = "Console", "Console\Console.vcxproj", "{8AB80BFD-185A-452D-AAD2-97B38AED3E4B}"
	ProjectSection(ProjectDependencies) = postProject
		{2954F343-85A7-46F5-A3F3-F106FDD13900} = {2954F343-85A7-46F5-A3F3-F106FDD13900}
	EndProjectSection
EndProject
Project("{8BC9CEB8-8B4A-11D0-8D11-00A0C91BC942}") = "BenchmarkComponent", "BenchmarkComponent\BenchmarkComponent.vcxproj", "{78D85F23-7CB1-44A1-9238-6DF2C76754E4}"
EndProject
Project("{8BC9CEB8-8B4A-11D0-8D11-00A0C91BC942}") = "test_component_base", "test_component_base\test_component_base.vcxproj", "{13333A6F-6A4A-48CD-865C-0F65135EB018}"
EndProject
Project("{8BC9CEB8-8B4A-11D0-8D11-00A0C91BC942}") = "test_component_derived", "test_component_derived\test_component_derived.vcxproj", "{0080F6D1-AEC3-4F89-ADE1-3D22A7EBF99E}"
	ProjectSection(ProjectDependencies) = postProject
		{13333A6F-6A4A-48CD-865C-0F65135EB018} = {13333A6F-6A4A-48CD-865C-0F65135EB018}
	EndProjectSection
EndProject
Project("{8BC9CEB8-8B4A-11D0-8D11-00A0C91BC942}") = "test_component_fast", "test_component_fast\test_component_fast.vcxproj", "{0E0ACA62-A92F-44CF-BD41-AEB541946DF8}"
EndProject
Global
	GlobalSection(SolutionConfigurationPlatforms) = preSolution
		Debug|ARM = Debug|ARM
		Debug|x64 = Debug|x64
		Debug|x86 = Debug|x86
		Release|ARM = Release|ARM
		Release|x64 = Release|x64
		Release|x86 = Release|x86
	EndGlobalSection
	GlobalSection(ProjectConfigurationPlatforms) = postSolution
		{2954F343-85A7-46F5-A3F3-F106FDD13900}.Debug|ARM.ActiveCfg = Debug|ARM
		{2954F343-85A7-46F5-A3F3-F106FDD13900}.Debug|ARM.Build.0 = Debug|ARM
		{2954F343-85A7-46F5-A3F3-F106FDD13900}.Debug|x64.ActiveCfg = Debug|x64
		{2954F343-85A7-46F5-A3F3-F106FDD13900}.Debug|x64.Build.0 = Debug|x64
		{2954F343-85A7-46F5-A3F3-F106FDD13900}.Debug|x86.ActiveCfg = Debug|Win32
		{2954F343-85A7-46F5-A3F3-F106FDD13900}.Debug|x86.Build.0 = Debug|Win32
		{2954F343-85A7-46F5-A3F3-F106FDD13900}.Release|ARM.ActiveCfg = Release|ARM
		{2954F343-85A7-46F5-A3F3-F106FDD13900}.Release|ARM.Build.0 = Release|ARM
		{2954F343-85A7-46F5-A3F3-F106FDD13900}.Release|x64.ActiveCfg = Release|x64
		{2954F343-85A7-46F5-A3F3-F106FDD13900}.Release|x64.Build.0 = Release|x64
		{2954F343-85A7-46F5-A3F3-F106FDD13900}.Release|x86.ActiveCfg = Release|Win32
		{2954F343-85A7-46F5-A3F3-F106FDD13900}.Release|x86.Build.0 = Release|Win32
		{8AB80BFD-185A-452D-AAD2-97B38AED3E4B}.Debug|ARM.ActiveCfg = Debug|Win32
		{8AB80BFD-185A-452D-AAD2-97B38AED3E4B}.Debug|x64.ActiveCfg = Debug|x64
		{8AB80BFD-185A-452D-AAD2-97B38AED3E4B}.Debug|x64.Build.0 = Debug|x64
		{8AB80BFD-185A-452D-AAD2-97B38AED3E4B}.Debug|x86.ActiveCfg = Debug|Win32
		{8AB80BFD-185A-452D-AAD2-97B38AED3E4B}.Debug|x86.Build.0 = Debug|Win32
		{8AB80BFD-185A-452D-AAD2-97B38AED3E4B}.Release|ARM.ActiveCfg = Release|Win32
		{8AB80BFD-185A-452D-AAD2-97B38AED3E4B}.Release|x64.ActiveCfg = Release|x64
		{8AB80BFD-185A-452D-AAD2-97B38AED3E4B}.Release|x64.Build.0 = Release|x64
		{8AB80BFD-185A-452D-AAD2-97B38AED3E4B}.Release|x86.ActiveCfg = Release|Win32
		{8AB80BFD-185A-452D-AAD2-97B38AED3E4B}.Release|x86.Build.0 = Release|Win32
		{78D85F23-7CB1-44A1-9238-6DF2C76754E4}.Debug|ARM.ActiveCfg = Debug|ARM
		{78D85F23-7CB1-44A1-9238-6DF2C76754E4}.Debug|ARM.Build.0 = Debug|ARM
		{78D85F23-7CB1-44A1-9238-6DF2C76754E4}.Debug|x64.ActiveCfg = Debug|x64
		{78D85F23-7CB1-44A1-9238-6DF2C76754E4}.Debug|x64.Build.0 = Debug|x64
		{78D85F23-7CB1-44A1-9238-6DF2C76754E4}.Debug|x86.ActiveCfg = Debug|Win32
		{78D85F23-7CB1-44A1-9238-6DF2C76754E4}.Debug|x86.Build.0 = Debug|Win32
		{78D85F23-7CB1-44A1-9238-6DF2C76754E4}.Release|ARM.ActiveCfg = Release|ARM
		{78D85F23-7CB1-44A1-9238-6DF2C76754E4}.Release|ARM.Build.0 = Release|ARM
		{78D85F23-7CB1-44A1-9238-6DF2C76754E4}.Release|x64.ActiveCfg = Release|x64
		{78D85F23-7CB1-44A1-9238-6DF2C76754E4}.Release|x64.Build.0 = Release|x64
		{78D85F23-7CB1-44A1-9238-6DF2C76754E4}.Release|x86.ActiveCfg = Release|Win32
		{78D85F23-7CB1-44A1-9238-6DF2C76754E4}.Release|x86.Build.0 = Release|Win32
		{13333A6F-6A4A-48CD-865C-0F65135EB018}.Debug|ARM.ActiveCfg = Debug|ARM
		{13333A6F-6A4A-48CD-865C-0F65135EB018}.Debug|ARM.Build.0 = Debug|ARM
		{13333A6F-6A4A-48CD-865C-0F65135EB018}.Debug|x64.ActiveCfg = Debug|x64
		{13333A6F-6A4A-48CD-865C-0F65135EB018}.Debug|x64.Build.0 = Debug|x64
		{13333A6F-6A4A-48CD-865C-0F65135EB018}.Debug|x86.ActiveCfg = Debug|Win32
		{13333A6F-6A4A-48CD-865C-0F65135EB018}.Debug|x86.Build.0 = Debug|Win32
		{13333A6F-6A4A-48CD-865C-0F65135EB018}.Release|ARM.ActiveCfg = Release|ARM
		{13333A6F-6A4A-48CD-865C-0F65135EB018}.Release|ARM.Build.0 = Release|ARM
		{13333A6F-6A4A-48CD-865C-0F65135EB018}.Release|x64.ActiveCfg = Release|x64
		{13333A6F-6A4A-48CD-865C-0F65135EB018}.Release|x64.Build.0 = Release|x64
		{13333A6F-6A4A-48CD-865C-0F65135EB018}.Release|x86.ActiveCfg = Release|Win32
		{13333A6F-6A4A-48CD-865C-0F65135EB018}.Release|x86.Build.0 = Release|Win32
		{0080F6D1-AEC3-4F89-ADE1-3D22A7EBF99E}.Debug|ARM.ActiveCfg = Debug|ARM
		{0080F6D1-AEC3-4F89-ADE1-3D22A7EBF99E}.Debug|ARM.Build.0 = Debug|ARM
		{0080F6D1-AEC3-4F89-ADE1-3D22A7EBF99E}.Debug|x64.ActiveCfg = Debug|x64
		{0080F6D1-AEC3-4F89-ADE1-3D22A7EBF99E}.Debug|x64.Build.0 = Debug|x64
		{0080F6D1-AEC3-4F89-ADE1-3D22A7EBF99E}.Debug|x86.ActiveCfg = Debug|Win32
		{0080F6D1-AEC3-4F89-ADE1-3D22A7EBF99E}.Debug|x86.Build.0 = Debug|Win32
		{0080F6D1-AEC3-4F89-ADE1-3D22A7EBF99E}.Release|ARM.ActiveCfg = Release|ARM
		{0080F6D1-AEC3-4F89-ADE1-3D22A7EBF99E}.Release|ARM.Build.0 = Release|ARM
		{0080F6D1-AEC3-4F89-ADE1-3D22A7EBF99E}.Release|x64.ActiveCfg = Release|x64
		{0080F6D1-AEC3-4F89-ADE1-3D22A7EBF99E}.Release|x64.Build.0 = Release|x64
		{0080F6D1-AEC3-4F89-ADE1-3D22A7EBF99E}.Release|x86.ActiveCfg = Release|Win32
		{0080F6D1-AEC3-4F89-ADE1-3D22A7EBF99E}.Release|x86.Build.0 = Release|Win32
		{0E0ACA62-A92F-44CF-BD41-AEB541946DF8}.Debug|ARM.ActiveCfg = Debug|ARM
		{0E0ACA62-A92F-44CF-BD41-AEB541946DF8}.Debug|ARM.Build.0 = Debug|ARM
		{0E0ACA62-A92F-44CF-BD41-AEB541946DF8}.Debug|x64.ActiveCfg = Debug|x64
		{0E0ACA62-A92F-44CF-BD41-AEB541946DF8}.Debug|x64.Build.0 = Debug|x64
		{0E0ACA62-A92F-44CF-BD41-AEB541946DF8}.Debug|x86.ActiveCfg = Debug|Win32
		{0E0ACA62-A92F-44CF-BD41-AEB541946DF8}.Debug|x86.Build.0 = Debug|Win32
		{0E0ACA62-A92F-44CF-BD41-AEB541946DF8}.Release|ARM.ActiveCfg = Release|ARM
		{0E0ACA62-A92F-44CF-BD41-AEB541946DF8}.Release|ARM.Build.0 = Release|ARM
		{0E0ACA62-A92F-44CF-BD41-AEB541946DF8}.Release|x64.ActiveCfg = Release|x64
		{0E0ACA62-A92F-44CF-BD41-AEB541946DF8}.Release|x64.Build.0 = Release|x64
		{0E0ACA62-A92F-44CF-BD41-AEB541946DF8}.Release|x86.ActiveCfg = Release|Win32
		{0E0ACA62-A92F-44CF-BD41-AEB541946DF8}.Release|x86.Build.0 = Release|Win32
	EndGlobalSection
	GlobalSection(SolutionProperties) = preSolution
		HideSolutionNode = FALSE
	EndGlobalSection
	GlobalSection(ExtensibilityGlobals) = postSolution
		SolutionGuid = {BA654F56-6CA9-47DD-84D2-3826252A71DF}
	EndGlobalSection
EndGlobal
